
Microsoft Visual Studio Solution File, Format Version 12.00
# Visual Studio 15
VisualStudioVersion = 15.0.27703.2026
MinimumVisualStudioVersion = 10.0.40219.1
Project("{FAE04EC0-301F-11D3-BF4B-00C04F79EFBC}") = "P01_ReverseNumberWithStack", "ReverseNumberWithStack\P01_ReverseNumberWithStack.csproj", "{8A6EE57B-928C-4C37-B730-E323564CF3B3}"
EndProject
Project("{FAE04EC0-301F-11D3-BF4B-00C04F79EFBC}") = "P02_CalculateSequenceWithQueue", "P02_CalculateSequenceWithQueue\P02_CalculateSequenceWithQueue.csproj", "{92FB29BE-F3DC-486A-BF9B-1B80BF1B3AE7}"
EndProject
Project("{FAE04EC0-301F-11D3-BF4B-00C04F79EFBC}") = "P03_ArrayBased_Stack", "P03_Array-Based_Stack\P03_ArrayBased_Stack.csproj", "{4C74F78E-89D4-4E98-879F-BD66B95D1C33}"
EndProject
Project("{FAE04EC0-301F-11D3-BF4B-00C04F79EFBC}") = "P04_LinkedStack", "P04_LinkedStack\P04_LinkedStack.csproj", "{30A81461-4336-44B6-A544-30FCC3B4FBD0}"
EndProject
Project("{FAE04EC0-301F-11D3-BF4B-00C04F79EFBC}") = "P06_SequenceNM", "P06_SequenceNM\P06_SequenceNM.csproj", "{47D1DAA9-EA0F-41B0-B407-603B8EA97E85}"
EndProject
Project("{FAE04EC0-301F-11D3-BF4B-00C04F79EFBC}") = "P05_LinkedQueue", "P05_LinkedQueue\P05_LinkedQueue.csproj", "{7CE6AE1C-76B4-41AE-8A0D-D486301E13C9}"
EndProject
Project("{FAE04EC0-301F-11D3-BF4B-00C04F79EFBC}") = "ArrayStack", "ArrayStack.Framework\ArrayStack.csproj", "{C4AE783B-E5B5-4C1F-8245-2890E970FB42}"
EndProject
Global
	GlobalSection(SolutionConfigurationPlatforms) = preSolution
		Debug|Any CPU = Debug|Any CPU
		Release|Any CPU = Release|Any CPU
	EndGlobalSection
	GlobalSection(ProjectConfigurationPlatforms) = postSolution
		{8A6EE57B-928C-4C37-B730-E323564CF3B3}.Debug|Any CPU.ActiveCfg = Debug|Any CPU
		{8A6EE57B-928C-4C37-B730-E323564CF3B3}.Debug|Any CPU.Build.0 = Debug|Any CPU
		{8A6EE57B-928C-4C37-B730-E323564CF3B3}.Release|Any CPU.ActiveCfg = Release|Any CPU
		{8A6EE57B-928C-4C37-B730-E323564CF3B3}.Release|Any CPU.Build.0 = Release|Any CPU
		{92FB29BE-F3DC-486A-BF9B-1B80BF1B3AE7}.Debug|Any CPU.ActiveCfg = Debug|Any CPU
		{92FB29BE-F3DC-486A-BF9B-1B80BF1B3AE7}.Debug|Any CPU.Build.0 = Debug|Any CPU
		{92FB29BE-F3DC-486A-BF9B-1B80BF1B3AE7}.Release|Any CPU.ActiveCfg = Release|Any CPU
		{92FB29BE-F3DC-486A-BF9B-1B80BF1B3AE7}.Release|Any CPU.Build.0 = Release|Any CPU
		{4C74F78E-89D4-4E98-879F-BD66B95D1C33}.Debug|Any CPU.ActiveCfg = Debug|Any CPU
		{4C74F78E-89D4-4E98-879F-BD66B95D1C33}.Debug|Any CPU.Build.0 = Debug|Any CPU
		{4C74F78E-89D4-4E98-879F-BD66B95D1C33}.Release|Any CPU.ActiveCfg = Release|Any CPU
		{4C74F78E-89D4-4E98-879F-BD66B95D1C33}.Release|Any CPU.Build.0 = Release|Any CPU
		{30A81461-4336-44B6-A544-30FCC3B4FBD0}.Debug|Any CPU.ActiveCfg = Debug|Any CPU
		{30A81461-4336-44B6-A544-30FCC3B4FBD0}.Debug|Any CPU.Build.0 = Debug|Any CPU
		{30A81461-4336-44B6-A544-30FCC3B4FBD0}.Release|Any CPU.ActiveCfg = Release|Any CPU
		{30A81461-4336-44B6-A544-30FCC3B4FBD0}.Release|Any CPU.Build.0 = Release|Any CPU
		{47D1DAA9-EA0F-41B0-B407-603B8EA97E85}.Debug|Any CPU.ActiveCfg = Debug|Any CPU
		{47D1DAA9-EA0F-41B0-B407-603B8EA97E85}.Debug|Any CPU.Build.0 = Debug|Any CPU
		{47D1DAA9-EA0F-41B0-B407-603B8EA97E85}.Release|Any CPU.ActiveCfg = Release|Any CPU
		{47D1DAA9-EA0F-41B0-B407-603B8EA97E85}.Release|Any CPU.Build.0 = Release|Any CPU
		{7CE6AE1C-76B4-41AE-8A0D-D486301E13C9}.Debug|Any CPU.ActiveCfg = Debug|Any CPU
		{7CE6AE1C-76B4-41AE-8A0D-D486301E13C9}.Debug|Any CPU.Build.0 = Debug|Any CPU
		{7CE6AE1C-76B4-41AE-8A0D-D486301E13C9}.Release|Any CPU.ActiveCfg = Release|Any CPU
		{7CE6AE1C-76B4-41AE-8A0D-D486301E13C9}.Release|Any CPU.Build.0 = Release|Any CPU
		{C4AE783B-E5B5-4C1F-8245-2890E970FB42}.Debug|Any CPU.ActiveCfg = Debug|Any CPU
		{C4AE783B-E5B5-4C1F-8245-2890E970FB42}.Debug|Any CPU.Build.0 = Debug|Any CPU
		{C4AE783B-E5B5-4C1F-8245-2890E970FB42}.Release|Any CPU.ActiveCfg = Release|Any CPU
		{C4AE783B-E5B5-4C1F-8245-2890E970FB42}.Release|Any CPU.Build.0 = Release|Any CPU
	EndGlobalSection
	GlobalSection(SolutionProperties) = preSolution
		HideSolutionNode = FALSE
	EndGlobalSection
	GlobalSection(ExtensibilityGlobals) = postSolution
		SolutionGuid = {8E4550A3-513C-44E1-878F-F28DBB0BCC4B}
	EndGlobalSection
EndGlobal
